// !$*UTF8*$!
{
	archiveVersion = 1;
	classes = {
	};
	objectVersion = 56;
	objects = {

/* Begin PBXFileReference section */
		0CB5750C2BDAFCF100D0DB3E /* index.html */ = {isa = PBXFileReference; lastKnownFileType = text.html; path = index.html; sourceTree = "<group>"; };
		0CB5750D2BDAFD1B00D0DB3E /* styles.css */ = {isa = PBXFileReference; lastKnownFileType = text.css; path = styles.css; sourceTree = "<group>"; };
/* End PBXFileReference section */

/* Begin PBXGroup section */
		0CB575052BDAFCD800D0DB3E = {
			isa = PBXGroup;
			children = (
				0CB5750C2BDAFCF100D0DB3E /* index.html */,
				0CB5750D2BDAFD1B00D0DB3E /* styles.css */,
			);
			sourceTree = "<group>";
		};
/* End PBXGroup section */

/* Begin PBXProject section */
		0CB575062BDAFCD800D0DB3E /* Project object */ = {
			isa = PBXProject;
			attributes = {
				BuildIndependentTargetsInParallel = 1;
				LastUpgradeCheck = 1530;
			};
			buildConfigurationList = 0CB575092BDAFCD800D0DB3E /* Build configuration list for PBXProject "Learn Accessibility by building a Quiz" */;
			compatibilityVersion = "Xcode 14.0";
			developmentRegion = en;
			hasScannedForEncodings = 0;
			knownRegions = (
				en,
				Base,
			);
			mainGroup = 0CB575052BDAFCD800D0DB3E;
			projectDirPath = "";
			projectRoot = "";
			targets = (
			);
		};
/* End PBXProject section */

/* Begin XCBuildConfiguration section */
		0CB5750A2BDAFCD800D0DB3E /* Debug */ = {
			isa = XCBuildConfiguration;
			buildSettings = {
			};
			name = Debug;
		};
		0CB5750B2BDAFCD800D0DB3E /* Release */ = {
			isa = XCBuildConfiguration;
			buildSettings = {
			};
			name = Release;
		};
/* End XCBuildConfiguration section */

/* Begin XCConfigurationList section */
		0CB575092BDAFCD800D0DB3E /* Build configuration list for PBXProject "Learn Accessibility by building a Quiz" */ = {
			isa = XCConfigurationList;
			buildConfigurations = (
				0CB5750A2BDAFCD800D0DB3E /* Debug */,
				0CB5750B2BDAFCD800D0DB3E /* Release */,
			);
			defaultConfigurationIsVisible = 0;
			defaultConfigurationName = Release;
		};
/* End XCConfigurationList section */
	};
	rootObject = 0CB575062BDAFCD800D0DB3E /* Project object */;
}
